
Microsoft Visual Studio Solution File, Format Version 12.00
# Visual Studio 15
VisualStudioVersion = 15.0.26430.12
MinimumVisualStudioVersion = 10.0.40219.1
Project("{FAE04EC0-301F-11D3-BF4B-00C04F79EFBC}") = "FootballData", "FootballData.csproj", "{8E071A42-0D8F-4B98-98DD-E208C7102217}"
EndProject
Project("{FAE04EC0-301F-11D3-BF4B-00C04F79EFBC}") = "InBytesBot", "..\InBytesBot\InBytesBot.csproj", "{6073C088-ABCD-43C1-B809-35640BE867B5}"
EndProject
Global
	GlobalSection(SolutionConfigurationPlatforms) = preSolution
		Debug|Any CPU = Debug|Any CPU
		Release|Any CPU = Release|Any CPU
	EndGlobalSection
	GlobalSection(ProjectConfigurationPlatforms) = postSolution
		{8E071A42-0D8F-4B98-98DD-E208C7102217}.Debug|Any CPU.ActiveCfg = Debug|Any CPU
		{8E071A42-0D8F-4B98-98DD-E208C7102217}.Debug|Any CPU.Build.0 = Debug|Any CPU
		{8E071A42-0D8F-4B98-98DD-E208C7102217}.Release|Any CPU.ActiveCfg = Release|Any CPU
		{8E071A42-0D8F-4B98-98DD-E208C7102217}.Release|Any CPU.Build.0 = Release|Any CPU
		{6073C088-ABCD-43C1-B809-35640BE867B5}.Debug|Any CPU.ActiveCfg = Debug|Any CPU
		{6073C088-ABCD-43C1-B809-35640BE867B5}.Debug|Any CPU.Build.0 = Debug|Any CPU
		{6073C088-ABCD-43C1-B809-35640BE867B5}.Release|Any CPU.ActiveCfg = Release|Any CPU
		{6073C088-ABCD-43C1-B809-35640BE867B5}.Release|Any CPU.Build.0 = Release|Any CPU
	EndGlobalSection
	GlobalSection(SolutionProperties) = preSolution
		HideSolutionNode = FALSE
	EndGlobalSection
EndGlobal
